
Microsoft Visual Studio Solution File, Format Version 12.00
# Visual Studio Version 16
VisualStudioVersion = 16.0.31112.23
MinimumVisualStudioVersion = 10.0.40219.1
Project("{FAE04EC0-301F-11D3-BF4B-00C04F79EFBC}") = "TamAnhHRM", "TamAnhHRM.csproj", "{532AF2E2-93B8-430E-9F68-06454829B108}"
EndProject
Global
	GlobalSection(SolutionConfigurationPlatforms) = preSolution
		Debug|Any CPU = Debug|Any CPU
		Release|Any CPU = Release|Any CPU
	EndGlobalSection
	GlobalSection(ProjectConfigurationPlatforms) = postSolution
		{532AF2E2-93B8-430E-9F68-06454829B108}.Debug|Any CPU.ActiveCfg = Debug|Any CPU
		{532AF2E2-93B8-430E-9F68-06454829B108}.Debug|Any CPU.Build.0 = Debug|Any CPU
		{532AF2E2-93B8-430E-9F68-06454829B108}.Release|Any CPU.ActiveCfg = Release|Any CPU
		{532AF2E2-93B8-430E-9F68-06454829B108}.Release|Any CPU.Build.0 = Release|Any CPU
	EndGlobalSection
	GlobalSection(SolutionProperties) = preSolution
		HideSolutionNode = FALSE
	EndGlobalSection
	GlobalSection(ExtensibilityGlobals) = postSolution
		SolutionGuid = {EFE221F4-C8B3-43A7-B5FD-4FE80C3E22F3}
	EndGlobalSection
EndGlobal
